lockfileVersion: 5.4

specifiers:
  '@types/lodash': ^4.17.0
  '@types/node': ^18.19.26
  chalk: ^4.1.2
  execa: ^5.1.0
  fs-extra: ^10.1.0
  less: ^4.1.3
  lodash-es: ^4.17.21
  typescript: ^5.4.3
  unplugin-vue-macros: ^2.8.0
  vite: ^2.9.13

dependencies:
  '@types/lodash': 4.17.0
  lodash-es: 4.17.21

devDependencies:
  '@types/node': 18.19.26
  chalk: 4.1.2
  execa: 5.1.1
  fs-extra: 10.1.0
  less: 4.2.0
  typescript: 5.4.3
  unplugin-vue-macros: 2.8.0_rmjh7zhmgy6laxtrro2ypaq2hm
  vite: 2.9.18_less@4.2.0

packages:

  /@antfu/utils/0.7.7:
    resolution: {integrity: sha512-gFPqTG7otEJ8uP6wrhDv6mqwGWYZKNvAcCq6u9hOj0c+IKCEsY4L1oC9trPq2SaWIzAfHvqfBDxF591JkMf+kg==}
    dev: true

  /@babel/helper-string-parser/7.24.1:
    resolution: {integrity: sha512-2ofRCjnnA9y+wk8b9IAREroeUP02KHp431N2mhKniy2yKIDKpbrHv9eXwm8cBeWQYcJmzv5qKCu65P47eCF7CQ==}
    engines: {node: '>=6.9.0'}
    dev: true

  /@babel/helper-validator-identifier/7.22.20:
    resolution: {integrity: sha512-Y4OZ+ytlatR8AI+8KZfKuL5urKp7qey08ha31L8b3BwewJAoJamTzyvxPR/5D+KkdJCGPq/+8TukHBlY10FX9A==}
    engines: {node: '>=6.9.0'}
    dev: true

  /@babel/parser/7.24.1:
    resolution: {integrity: sha512-Zo9c7N3xdOIQrNip7Lc9wvRPzlRtovHVE4lkz8WEDr7uYh/GMQhSiIgFxGIArRHYdJE5kxtZjAf8rT0xhdLCzg==}
    engines: {node: '>=6.0.0'}
    hasBin: true
    dependencies:
      '@babel/types': 7.24.0
    dev: true

  /@babel/types/7.24.0:
    resolution: {integrity: sha512-+j7a5c253RfKh8iABBhywc8NSfP5LURe7Uh4qpsh6jc+aLJguvmIUBdjSdEMQv2bENrCR5MfRdjGo7vzS/ob7w==}
    engines: {node: '>=6.9.0'}
    dependencies:
      '@babel/helper-string-parser': 7.24.1
      '@babel/helper-validator-identifier': 7.22.20
      to-fast-properties: 2.0.0
    dev: true

  /@esbuild/linux-loong64/0.14.54:
    resolution: {integrity: sha512-bZBrLAIX1kpWelV0XemxBZllyRmM6vgFQQG2GdNb+r3Fkp0FOh1NJSvekXDs7jq70k4euu1cryLMfU+mTXlEpw==}
    engines: {node: '>=12'}
    cpu: [loong64]
    os: [linux]
    requiresBuild: true
    dev: true
    optional: true

  /@jridgewell/sourcemap-codec/1.4.15:
    resolution: {integrity: sha512-eF2rxCRulEKXHTRiDrDy6erMYWqNw4LPdQ8UQA4huuxaQsVeRPFl2oM8oDGxMFhJUWZf9McpLtJasDDZb/Bpeg==}
    dev: true

  /@polka/url/1.0.0-next.25:
    resolution: {integrity: sha512-j7P6Rgr3mmtdkeDGTe0E/aYyWEWVtc5yFXtHCRHs28/jptDEWfaVOc5T7cblqy1XKPPfCxJc/8DwQ5YgLOZOVQ==}
    dev: true

  /@rollup/pluginutils/5.1.0:
    resolution: {integrity: sha512-XTIWOPPcpvyKI6L1NHo0lFlCyznUEyPmPY1mc3KpPVDYulHSTvyeLNVW00QTLIAFNhR3kYnJTQHeGqU4M3n09g==}
    engines: {node: '>=14.0.0'}
    peerDependencies:
      rollup: ^1.20.0||^2.0.0||^3.0.0||^4.0.0
    peerDependenciesMeta:
      rollup:
        optional: true
    dependencies:
      '@types/estree': 1.0.5
      estree-walker: 2.0.2
      picomatch: 2.3.1
    dev: true

  /@types/estree/1.0.5:
    resolution: {integrity: sha512-/kYRxGDLWzHOB7q+wtSUQlFrtcdUccpfy+X+9iMBpHK8QLLhx2wIPYuS5DYtR9Wa/YlZAbIovy7qVdB1Aq6Lyw==}
    dev: true

  /@types/lodash/4.17.0:
    resolution: {integrity: sha512-t7dhREVv6dbNj0q17X12j7yDG4bD/DHYX7o5/DbDxobP0HnGPgpRz2Ej77aL7TZT3DSw13fqUTj8J4mMnqa7WA==}
    dev: false

  /@types/node/18.19.26:
    resolution: {integrity: sha512-+wiMJsIwLOYCvUqSdKTrfkS8mpTp+MPINe6+Np4TAGFWWRWiBQ5kSq9nZGCSPkzx9mvT+uEukzpX4MOSCydcvw==}
    dependencies:
      undici-types: 5.26.5
    dev: true

  /@vue-macros/api/0.9.3:
    resolution: {integrity: sha512-Yjq5gxdd97FIBNpxp7E2aRChqN6UVLEkRM6bgdaYDjbZsu6uvO2pkwQFQSx4Z0n8k/69KC4N05UQ1V68XF7I8Q==}
    engines: {node: '>=16.14.0'}
    dependencies:
      '@babel/types': 7.24.0
      '@vue-macros/common': 1.10.1
      resolve.exports: 2.0.2
    transitivePeerDependencies:
      - rollup
      - vue
    dev: true

  /@vue-macros/better-define/1.7.3:
    resolution: {integrity: sha512-vw1GemB2WVO2rqXN4e0YXibeaPWud0d88hJvN4FnslZ5oMrr/ne9oo28Dqj1FZWmB7UlOiJIIGrPxZyMrSG6uw==}
    engines: {node: '>=16.14.0'}
    dependencies:
      '@vue-macros/api': 0.9.3
      '@vue-macros/common': 1.10.1
      unplugin: 1.10.0
    transitivePeerDependencies:
      - rollup
      - vue
    dev: true

  /@vue-macros/boolean-prop/0.3.2:
    resolution: {integrity: sha512-vdhjfpRsxln/XXiqIa3De3wJsZGRiiGWa6rMO3cp3E5954a8yBlGqdBWFy+wxOMdTnqm73Ag1JvWM2nm7VXNlQ==}
    engines: {node: '>=16.14.0'}
    dependencies:
      '@vue-macros/common': 1.10.1
      '@vue/compiler-core': 3.4.21
    transitivePeerDependencies:
      - rollup
      - vue
    dev: true

  /@vue-macros/chain-call/0.2.2:
    resolution: {integrity: sha512-eXmiGd8pNv+6Oy9m8U0rjwa7eY5KjRf0CriU+yZgnzW09G+7+w47gQuVQveLzY+KX1sbhOTOcajyjfhDqNVKfw==}
    engines: {node: '>=16.14.0'}
    dependencies:
      '@vue-macros/common': 1.10.1
      unplugin: 1.10.0
    transitivePeerDependencies:
      - rollup
      - vue
    dev: true

  /@vue-macros/common/1.10.1:
    resolution: {integrity: sha512-uftSpfwdwitcQT2lM8aVxcfe5rKQBzC9jMrtJM5sG4hEuFyfIvnJihpPpnaWxY+X4p64k+YYXtBFv+1O5Bq3dg==}
    engines: {node: '>=16.14.0'}
    peerDependencies:
      vue: ^2.7.0 || ^3.2.25
    peerDependenciesMeta:
      vue:
        optional: true
    dependencies:
      '@babel/types': 7.24.0
      '@rollup/pluginutils': 5.1.0
      '@vue/compiler-sfc': 3.4.21
      ast-kit: 0.11.3
      local-pkg: 0.5.0
      magic-string-ast: 0.3.0
    transitivePeerDependencies:
      - rollup
    dev: true

  /@vue-macros/define-emit/0.2.3:
    resolution: {integrity: sha512-YTkjhQ+7qqb8goYLAgpJGxzR0pOvANYXh+tkhMzywxt0x+4HW+I2xkAQcRtfGNo3M/4FaM7CUXuTsm2vie39Ug==}
    engines: {node: '>=16.14.0'}
    peerDependencies:
      vue: ^2.7.0 || ^3.2.25
    dependencies:
      '@vue-macros/api': 0.9.3
      '@vue-macros/common': 1.10.1
      unplugin: 1.10.0
    transitivePeerDependencies:
      - rollup
    dev: true

  /@vue-macros/define-models/1.2.2:
    resolution: {integrity: sha512-dLR9pTUR/OOMwIFT5rn116meXv7fqVL5ImD0OA89JdYGxdtaxGDP8UJZV6qtIaBiAF+2KNEf6ZAF72ST250xOA==}
    engines: {node: '>=16.14.0'}
    peerDependencies:
      '@vueuse/core': '>=9.0.0'
    peerDependenciesMeta:
      '@vueuse/core':
        optional: true
    dependencies:
      '@vue-macros/common': 1.10.1
      ast-walker-scope: 0.5.0
      unplugin: 1.10.0
    transitivePeerDependencies:
      - rollup
      - vue
    dev: true

  /@vue-macros/define-prop/0.3.3:
    resolution: {integrity: sha512-8W8U89+u5GzahdI5sO61nInXux+yWLGQx0Lq5/4Y2uj8kKj8aJvjie31y2CWREGq8q/jRT0MqT5ODs7JGt0IAQ==}
    engines: {node: '>=16.14.0'}
    peerDependencies:
      vue: ^2.7.0 || ^3.2.25
    dependencies:
      '@vue-macros/api': 0.9.3
      '@vue-macros/common': 1.10.1
      unplugin: 1.10.0
    transitivePeerDependencies:
      - rollup
    dev: true

  /@vue-macros/define-props-refs/1.2.2:
    resolution: {integrity: sha512-ErqJrN+4mARONiBddT0S7PLINMuFcnN1LbpnEzZujFRgS2/5d9U/cAe/Jb4pvCTYSWecskCFNHk1/4YS/JAk4A==}
    engines: {node: '>=16.14.0'}
    peerDependencies:
      vue: ^2.7.0 || ^3.2.25
    dependencies:
      '@vue-macros/common': 1.10.1
      unplugin: 1.10.0
    transitivePeerDependencies:
      - rollup
    dev: true

  /@vue-macros/define-props/2.0.3_lz22p4fngfohrmrkvak4ekjs6u:
    resolution: {integrity: sha512-OFkdhfEmDfP+ySqoQ8qeSvGxLpJPCaJrcMsiHu5DVqGcWou0RzkmxiQZu/PVZhk0p1DnV1lCCajut3jzhqLRXQ==}
    engines: {node: '>=16.14.0'}
    peerDependencies:
      '@vue-macros/reactivity-transform': ^0.4.3
      vue: ^2.7.0 || ^3.2.25
    dependencies:
      '@vue-macros/common': 1.10.1
      '@vue-macros/reactivity-transform': 0.4.3
      unplugin: 1.10.0
    transitivePeerDependencies:
      - rollup
    dev: true

  /@vue-macros/define-render/1.5.2:
    resolution: {integrity: sha512-wqBDfJQ5JxCc5yhVdLInB6jaqXYBmgMkBD/mjJWJ7qiaj/sVkxq2h3uxjwInWgBH0eb0ZX+rAaYkFwg+uueEXg==}
    engines: {node: '>=16.14.0'}
    peerDependencies:
      vue: ^2.7.0 || ^3.0.0
    dependencies:
      '@vue-macros/common': 1.10.1
      unplugin: 1.10.0
    transitivePeerDependencies:
      - rollup
    dev: true

  /@vue-macros/define-slots/1.1.2:
    resolution: {integrity: sha512-DYYWkNjIa+XQxGq4PbRyvg7sQUqV5jkOarM7cwf8b4BmybFUPcxbB/2JTf6xr/grHkGUHHRoUlZ7J8z8rhUH8Q==}
    engines: {node: '>=16.14.0'}
    peerDependencies:
      vue: ^2.7.0 || ^3.0.0
    dependencies:
      '@vue-macros/common': 1.10.1
      unplugin: 1.10.0
    transitivePeerDependencies:
      - rollup
    dev: true

  /@vue-macros/devtools/0.2.0_rmjh7zhmgy6laxtrro2ypaq2hm:
    resolution: {integrity: sha512-jHjvY1bFgQLe/2+5pBOG4fgmL5MPhsqQDj7Barhj8YN+Oe7U2hBImvfAyOGpqd2uucLOWQTP1cWrp3q9b1svsg==}
    engines: {node: '>=16.14.0'}
    peerDependencies:
      vite: ^4.0.0 || ^5.0.0-0
    peerDependenciesMeta:
      vite:
        optional: true
    dependencies:
      sirv: 2.0.4
      vite: 2.9.18_less@4.2.0
      vue: 3.4.21_typescript@5.4.3
    transitivePeerDependencies:
      - typescript
    dev: true

  /@vue-macros/export-expose/0.1.2:
    resolution: {integrity: sha512-YQbbDRe133Zpgc0rB5KKJrrQMJvDaK25Ar1zeZDVUEKZ1rVAHWwbeSNbt7Fk4iVaLDzK4fA9dglTCkh7CR/9rg==}
    engines: {node: '>=16.14.0'}
    peerDependencies:
      vue: ^2.7.0 || ^3.2.25
    dependencies:
      '@vue-macros/common': 1.10.1
      '@vue/compiler-sfc': 3.4.21
      unplugin: 1.10.0
    transitivePeerDependencies:
      - rollup
    dev: true

  /@vue-macros/export-props/0.4.2:
    resolution: {integrity: sha512-BtsWp2gqWHfCk264bT7C4t7FCiNeuYl45x8rQ51eE2uDQPUMnhPQgB8swmR4bhzH1PCU80NwqbGThzB3Mh7mqw==}
    engines: {node: '>=16.14.0'}
    peerDependencies:
      vue: ^2.7.0 || ^3.2.25
    dependencies:
      '@vue-macros/common': 1.10.1
      unplugin: 1.10.0
    transitivePeerDependencies:
      - rollup
    dev: true

  /@vue-macros/export-render/0.2.2:
    resolution: {integrity: sha512-5E3aJB8umbm5OzsFic1HwNglPM8q/5s+A47o7wcpwOtnAnzwrhVyfZXyRW3mKPKidl4nufj0CemaJngf8soI1g==}
    engines: {node: '>=16.14.0'}
    peerDependencies:
      vue: ^2.7.0 || ^3.2.25
    dependencies:
      '@vue-macros/common': 1.10.1
      '@vue/compiler-sfc': 3.4.21
      unplugin: 1.10.0
    transitivePeerDependencies:
      - rollup
    dev: true

  /@vue-macros/hoist-static/1.5.2:
    resolution: {integrity: sha512-XYDtRyXbhLwwXNojii7+wzZOz7Fk7n3uoZCsoFZn6f+Y2joEEmQtJnjE/hRsdc5HFrmpg/qICt8ZuwsE8RIyDw==}
    engines: {node: '>=16.14.0'}
    dependencies:
      '@vue-macros/common': 1.10.1
      unplugin: 1.10.0
    transitivePeerDependencies:
      - rollup
      - vue
    dev: true

  /@vue-macros/jsx-directive/0.8.11:
    resolution: {integrity: sha512-oLOE1XVrA3EYgQT2n6SXfG9wv22PGhqJEkIyIDJhc4/KsfFjDAebykyGgEFen9qbwzDXXU/cxBxbd8CwJBTgVA==}
    engines: {node: '>=16.14.0'}
    dependencies:
      '@vue-macros/common': 1.10.1
      unplugin: 1.10.0
    transitivePeerDependencies:
      - rollup
      - vue
    dev: true

  /@vue-macros/named-template/0.4.2:
    resolution: {integrity: sha512-YnKdJLd8KisT6z+RdgyLy0TIvq1HzW3i55hq94eNo4F+9rEo70h2YGmCDOElpvOElMj0R77i175nNiti+hkQfw==}
    engines: {node: '>=16.14.0'}
    dependencies:
      '@vue-macros/common': 1.10.1
      '@vue/compiler-dom': 3.4.21
      unplugin: 1.10.0
    transitivePeerDependencies:
      - rollup
      - vue
    dev: true

  /@vue-macros/reactivity-transform/0.4.3:
    resolution: {integrity: sha512-9z/Cf+fAjcPjEfrwLTWux97uJFRxdtWTwAIaDniQP78Jaw8rjlh2C4bxAQm2auAft9R/s24e5rkOf8C//N+o+Q==}
    engines: {node: '>=16.14.0'}
    peerDependencies:
      vue: ^2.7.0 || ^3.2.25
    dependencies:
      '@babel/parser': 7.24.1
      '@vue-macros/common': 1.10.1
      '@vue/compiler-core': 3.4.21
      '@vue/shared': 3.4.21
      magic-string: 0.30.8
      unplugin: 1.10.0
    transitivePeerDependencies:
      - rollup
    dev: true

  /@vue-macros/setup-block/0.3.2:
    resolution: {integrity: sha512-iJM9w7QuVj6OGKSFcsuT47VdVv68GI3PE4e7oVIFXVr9Y+0L6dLibhu8Ybeyfh0AP43Y9V46ZnEI49fh8ZmnRQ==}
    engines: {node: '>=16.14.0'}
    dependencies:
      '@vue-macros/common': 1.10.1
      '@vue/compiler-dom': 3.4.21
      unplugin: 1.10.0
    transitivePeerDependencies:
      - rollup
      - vue
    dev: true

  /@vue-macros/setup-component/0.17.2:
    resolution: {integrity: sha512-KfZ2YcfJ5oMFO+BHnmWOClYlce1K7t8c9q4+2hIBc0L2LlCIQEmFnmqmCJAgyzyWai8h89udCD8UdKbnCznwPw==}
    engines: {node: '>=16.14.0'}
    dependencies:
      '@vue-macros/common': 1.10.1
      unplugin: 1.10.0
    transitivePeerDependencies:
      - rollup
      - vue
    dev: true

  /@vue-macros/setup-sfc/0.17.2:
    resolution: {integrity: sha512-BV2B5M6w2B0jN16Oc10/mQk5WdQASzGe/ZMV9G59ZiGHVzL3m06nsq4JwXln2Gy+j3mdrfnUmaAtj7o70HPiOg==}
    engines: {node: '>=16.14.0'}
    dependencies:
      '@vue-macros/common': 1.10.1
      unplugin: 1.10.0
    transitivePeerDependencies:
      - rollup
      - vue
    dev: true

  /@vue-macros/short-bind/0.2.2:
    resolution: {integrity: sha512-dBaZnWfoDcbUA4jMwLqsBa/QTjO0zgQb9TvMS0HDbaAUptBlJfi20g2sqmgdor32ih/SghuJjCtaNLKgTWVNaA==}
    engines: {node: '>=16.14.0'}
    dependencies:
      '@vue-macros/common': 1.10.1
      '@vue/compiler-core': 3.4.21
    transitivePeerDependencies:
      - rollup
      - vue
    dev: true

  /@vue-macros/short-emits/1.5.2:
    resolution: {integrity: sha512-p2ePSh2yT2FP0DM6vNuUBStl+jXcYdBkKZ17yqZpPN7f6Jw6A29Lrn+fW95VdqiUdvZckBzFOdT4sLELFlGfpA==}
    engines: {node: '>=16.14.0'}
    dependencies:
      '@vue-macros/common': 1.10.1
      unplugin: 1.10.0
    transitivePeerDependencies:
      - rollup
      - vue
    dev: true

  /@vue-macros/short-vmodel/1.4.2:
    resolution: {integrity: sha512-KTkz7/FIaOhdr2uM96nj/wxctirb6czVJIkzAcUJSTsdoF+J3JrRfarr0VzUvtwq5sFRMYPssuQgoOWD4WEpXQ==}
    engines: {node: '>=16.14.0'}
    dependencies:
      '@vue-macros/common': 1.10.1
      '@vue/compiler-core': 3.4.21
    transitivePeerDependencies:
      - rollup
      - vue
    dev: true

  /@vue/compiler-core/3.4.21:
    resolution: {integrity: sha512-MjXawxZf2SbZszLPYxaFCjxfibYrzr3eYbKxwpLR9EQN+oaziSu3qKVbwBERj1IFIB8OLUewxB5m/BFzi613og==}
    dependencies:
      '@babel/parser': 7.24.1
      '@vue/shared': 3.4.21
      entities: 4.5.0
      estree-walker: 2.0.2
      source-map-js: 1.2.0
    dev: true

  /@vue/compiler-dom/3.4.21:
    resolution: {integrity: sha512-IZC6FKowtT1sl0CR5DpXSiEB5ayw75oT2bma1BEhV7RRR1+cfwLrxc2Z8Zq/RGFzJ8w5r9QtCOvTjQgdn0IKmA==}
    dependencies:
      '@vue/compiler-core': 3.4.21
      '@vue/shared': 3.4.21
    dev: true

  /@vue/compiler-sfc/3.4.21:
    resolution: {integrity: sha512-me7epoTxYlY+2CUM7hy9PCDdpMPfIwrOvAXud2Upk10g4YLv9UBW7kL798TvMeDhPthkZ0CONNrK2GoeI1ODiQ==}
    dependencies:
      '@babel/parser': 7.24.1
      '@vue/compiler-core': 3.4.21
      '@vue/compiler-dom': 3.4.21
      '@vue/compiler-ssr': 3.4.21
      '@vue/shared': 3.4.21
      estree-walker: 2.0.2
      magic-string: 0.30.8
      postcss: 8.4.38
      source-map-js: 1.2.0
    dev: true

  /@vue/compiler-ssr/3.4.21:
    resolution: {integrity: sha512-M5+9nI2lPpAsgXOGQobnIueVqc9sisBFexh5yMIMRAPYLa7+5wEJs8iqOZc1WAa9WQbx9GR2twgznU8LTIiZ4Q==}
    dependencies:
      '@vue/compiler-dom': 3.4.21
      '@vue/shared': 3.4.21
    dev: true

  /@vue/reactivity/3.4.21:
    resolution: {integrity: sha512-UhenImdc0L0/4ahGCyEzc/pZNwVgcglGy9HVzJ1Bq2Mm9qXOpP8RyNTjookw/gOCUlXSEtuZ2fUg5nrHcoqJcw==}
    dependencies:
      '@vue/shared': 3.4.21
    dev: true

  /@vue/runtime-core/3.4.21:
    resolution: {integrity: sha512-pQthsuYzE1XcGZznTKn73G0s14eCJcjaLvp3/DKeYWoFacD9glJoqlNBxt3W2c5S40t6CCcpPf+jG01N3ULyrA==}
    dependencies:
      '@vue/reactivity': 3.4.21
      '@vue/shared': 3.4.21
    dev: true

  /@vue/runtime-dom/3.4.21:
    resolution: {integrity: sha512-gvf+C9cFpevsQxbkRBS1NpU8CqxKw0ebqMvLwcGQrNpx6gqRDodqKqA+A2VZZpQ9RpK2f9yfg8VbW/EpdFUOJw==}
    dependencies:
      '@vue/runtime-core': 3.4.21
      '@vue/shared': 3.4.21
      csstype: 3.1.3
    dev: true

  /@vue/server-renderer/3.4.21_vue@3.4.21:
    resolution: {integrity: sha512-aV1gXyKSN6Rz+6kZ6kr5+Ll14YzmIbeuWe7ryJl5muJ4uwSwY/aStXTixx76TwkZFJLm1aAlA/HSWEJ4EyiMkg==}
    peerDependencies:
      vue: 3.4.21
    dependencies:
      '@vue/compiler-ssr': 3.4.21
      '@vue/shared': 3.4.21
      vue: 3.4.21_typescript@5.4.3
    dev: true

  /@vue/shared/3.4.21:
    resolution: {integrity: sha512-PuJe7vDIi6VYSinuEbUIQgMIRZGgM8e4R+G+/dQTk0X1NEdvgvvgv7m+rfmDH1gZzyA1OjjoWskvHlfRNfQf3g==}
    dev: true

  /acorn/8.11.3:
    resolution: {integrity: sha512-Y9rRfJG5jcKOE0CLisYbojUjIrIEE7AGMzA/Sm4BslANhbS+cDMpgBdcPT91oJ7OuJ9hYJBx59RjbhxVnrF8Xg==}
    engines: {node: '>=0.4.0'}
    hasBin: true
    dev: true

  /ansi-styles/4.3.0:
    resolution: {integrity: sha512-zbB9rCJAT1rbjiVDb2hqKFHNYLxgtk8NURxZ3IZwD3F6NtxbXZQCnnSi1Lkx+IDohdPlFp222wVALIheZJQSEg==}
    engines: {node: '>=8'}
    dependencies:
      color-convert: 2.0.1
    dev: true

  /anymatch/3.1.3:
    resolution: {integrity: sha512-KMReFUr0B4t+D+OBkjR3KYqvocp2XaSzO55UcB6mgQMd3KbcE+mWTyvVV7D/zsdEbNnV6acZUutkiHQXvTr1Rw==}
    engines: {node: '>= 8'}
    dependencies:
      normalize-path: 3.0.0
      picomatch: 2.3.1
    dev: true

  /ast-kit/0.11.3:
    resolution: {integrity: sha512-qdwwKEhckRk0XE22/xDdmU3v/60E8Edu4qFhgTLIhGGDs/PAJwLw9pQn8Rj99PitlbBZbYpx0k/lbir4kg0SuA==}
    engines: {node: '>=16.14.0'}
    dependencies:
      '@babel/parser': 7.24.1
      '@rollup/pluginutils': 5.1.0
      pathe: 1.1.2
    transitivePeerDependencies:
      - rollup
    dev: true

  /ast-kit/0.9.5:
    resolution: {integrity: sha512-kbL7ERlqjXubdDd+szuwdlQ1xUxEz9mCz1+m07ftNVStgwRb2RWw+U6oKo08PAvOishMxiqz1mlJyLl8yQx2Qg==}
    engines: {node: '>=16.14.0'}
    dependencies:
      '@babel/parser': 7.24.1
      '@rollup/pluginutils': 5.1.0
      pathe: 1.1.2
    transitivePeerDependencies:
      - rollup
    dev: true

  /ast-walker-scope/0.5.0:
    resolution: {integrity: sha512-NsyHMxBh4dmdEHjBo1/TBZvCKxffmZxRYhmclfu0PP6Aftre47jOHYaYaNqJcV0bxihxFXhDkzLHUwHc0ocd0Q==}
    engines: {node: '>=16.14.0'}
    dependencies:
      '@babel/parser': 7.24.1
      ast-kit: 0.9.5
    transitivePeerDependencies:
      - rollup
    dev: true

  /binary-extensions/2.3.0:
    resolution: {integrity: sha512-Ceh+7ox5qe7LJuLHoY0feh3pHuUDHAcRUeyL2VYghZwfpkNIy/+8Ocg0a3UuSoYzavmylwuLWQOf3hl0jjMMIw==}
    engines: {node: '>=8'}
    dev: true

  /braces/3.0.2:
    resolution: {integrity: sha512-b8um+L1RzM3WDSzvhm6gIz1yfTbBt6YTlcEKAvsmqCZZFw46z626lVj9j1yEPW33H5H+lBQpZMP1k8l+78Ha0A==}
    engines: {node: '>=8'}
    dependencies:
      fill-range: 7.0.1
    dev: true

  /chalk/4.1.2:
    resolution: {integrity: sha512-oKnbhFyRIXpUuez8iBMmyEa4nbj4IOQyuhc/wy9kY7/WVPcwIO9VA668Pu8RkO7+0G76SLROeyw9CpQ061i4mA==}
    engines: {node: '>=10'}
    dependencies:
      ansi-styles: 4.3.0
      supports-color: 7.2.0
    dev: true

  /chokidar/3.6.0:
    resolution: {integrity: sha512-7VT13fmjotKpGipCW9JEQAusEPE+Ei8nl6/g4FBAmIm0GOOLMua9NDDo/DWp0ZAxCr3cPq5ZpBqmPAQgDda2Pw==}
    engines: {node: '>= 8.10.0'}
    dependencies:
      anymatch: 3.1.3
      braces: 3.0.2
      glob-parent: 5.1.2
      is-binary-path: 2.1.0
      is-glob: 4.0.3
      normalize-path: 3.0.0
      readdirp: 3.6.0
    optionalDependencies:
      fsevents: 2.3.3
    dev: true

  /color-convert/2.0.1:
    resolution: {integrity: sha512-RRECPsj7iu/xb5oKYcsFHSppFNnsj/52OVTRKb4zP5onXwVF3zVmmToNcOfGC+CRDpfK/U584fMg38ZHCaElKQ==}
    engines: {node: '>=7.0.0'}
    dependencies:
      color-name: 1.1.4
    dev: true

  /color-name/1.1.4:
    resolution: {integrity: sha512-dOy+3AuW3a2wNbZHIuMZpTcgjGuLU/uBL/ubcZF9OXbDo8ff4O8yVp5Bf0efS8uEoYo5q4Fx7dY9OgQGXgAsQA==}
    dev: true

  /copy-anything/2.0.6:
    resolution: {integrity: sha512-1j20GZTsvKNkc4BY3NpMOM8tt///wY3FpIzozTOFO2ffuZcV61nojHXVKIy3WM+7ADCy5FVhdZYHYDdgTU0yJw==}
    dependencies:
      is-what: 3.14.1
    dev: true

  /cross-spawn/7.0.3:
    resolution: {integrity: sha512-iRDPJKUPVEND7dHPO8rkbOnPpyDygcDFtWjpeWNCgy8WP2rXcxXL8TskReQl6OrB2G7+UJrags1q15Fudc7G6w==}
    engines: {node: '>= 8'}
    dependencies:
      path-key: 3.1.1
      shebang-command: 2.0.0
      which: 2.0.2
    dev: true

  /csstype/3.1.3:
    resolution: {integrity: sha512-M1uQkMl8rQK/szD0LNhtqxIPLpimGm8sOBwU7lLnCpSbTyY3yeU1Vc7l4KT5zT4s/yOxHH5O7tIuuLOCnLADRw==}
    dev: true

  /entities/4.5.0:
    resolution: {integrity: sha512-V0hjH4dGPh9Ao5p0MoRY6BVqtwCjhz6vI5LT8AJ55H+4g9/4vbHx1I54fS0XuclLhDHArPQCiMjDxjaL8fPxhw==}
    engines: {node: '>=0.12'}
    dev: true

  /errno/0.1.8:
    resolution: {integrity: sha512-dJ6oBr5SQ1VSd9qkk7ByRgb/1SH4JZjCHSW/mr63/QcXO9zLVxvJ6Oy13nio03rxpSnVDDjFor75SjVeZWPW/A==}
    hasBin: true
    requiresBuild: true
    dependencies:
      prr: 1.0.1
    dev: true
    optional: true

  /esbuild-android-64/0.14.54:
    resolution: {integrity: sha512-Tz2++Aqqz0rJ7kYBfz+iqyE3QMycD4vk7LBRyWaAVFgFtQ/O8EJOnVmTOiDWYZ/uYzB4kvP+bqejYdVKzE5lAQ==}
    engines: {node: '>=12'}
    cpu: [x64]
    os: [android]
    requiresBuild: true
    dev: true
    optional: true

  /esbuild-android-arm64/0.14.54:
    resolution: {integrity: sha512-F9E+/QDi9sSkLaClO8SOV6etqPd+5DgJje1F9lOWoNncDdOBL2YF59IhsWATSt0TLZbYCf3pNlTHvVV5VfHdvg==}
    engines: {node: '>=12'}
    cpu: [arm64]
    os: [android]
    requiresBuild: true
    dev: true
    optional: true

  /esbuild-darwin-64/0.14.54:
    resolution: {integrity: sha512-jtdKWV3nBviOd5v4hOpkVmpxsBy90CGzebpbO9beiqUYVMBtSc0AL9zGftFuBon7PNDcdvNCEuQqw2x0wP9yug==}
    engines: {node: '>=12'}
    cpu: [x64]
    os: [darwin]
    requiresBuild: true
    dev: true
    optional: true

  /esbuild-darwin-arm64/0.14.54:
    resolution: {integrity: sha512-OPafJHD2oUPyvJMrsCvDGkRrVCar5aVyHfWGQzY1dWnzErjrDuSETxwA2HSsyg2jORLY8yBfzc1MIpUkXlctmw==}
    engines: {node: '>=12'}
    cpu: [arm64]
    os: [darwin]
    requiresBuild: true
    dev: true
    optional: true

  /esbuild-freebsd-64/0.14.54:
    resolution: {integrity: sha512-OKwd4gmwHqOTp4mOGZKe/XUlbDJ4Q9TjX0hMPIDBUWWu/kwhBAudJdBoxnjNf9ocIB6GN6CPowYpR/hRCbSYAg==}
    engines: {node: '>=12'}
    cpu: [x64]
    os: [freebsd]
    requiresBuild: true
    dev: true
    optional: true

  /esbuild-freebsd-arm64/0.14.54:
    resolution: {integrity: sha512-sFwueGr7OvIFiQT6WeG0jRLjkjdqWWSrfbVwZp8iMP+8UHEHRBvlaxL6IuKNDwAozNUmbb8nIMXa7oAOARGs1Q==}
    engines: {node: '>=12'}
    cpu: [arm64]
    os: [freebsd]
    requiresBuild: true
    dev: true
    optional: true

  /esbuild-linux-32/0.14.54:
    resolution: {integrity: sha512-1ZuY+JDI//WmklKlBgJnglpUL1owm2OX+8E1syCD6UAxcMM/XoWd76OHSjl/0MR0LisSAXDqgjT3uJqT67O3qw==}
    engines: {node: '>=12'}
    cpu: [ia32]
    os: [linux]
    requiresBuild: true
    dev: true
    optional: true

  /esbuild-linux-64/0.14.54:
    resolution: {integrity: sha512-EgjAgH5HwTbtNsTqQOXWApBaPVdDn7XcK+/PtJwZLT1UmpLoznPd8c5CxqsH2dQK3j05YsB3L17T8vE7cp4cCg==}
    engines: {node: '>=12'}
    cpu: [x64]
    os: [linux]
    requiresBuild: true
    dev: true
    optional: true

  /esbuild-linux-arm/0.14.54:
    resolution: {integrity: sha512-qqz/SjemQhVMTnvcLGoLOdFpCYbz4v4fUo+TfsWG+1aOu70/80RV6bgNpR2JCrppV2moUQkww+6bWxXRL9YMGw==}
    engines: {node: '>=12'}
    cpu: [arm]
    os: [linux]
    requiresBuild: true
    dev: true
    optional: true

  /esbuild-linux-arm64/0.14.54:
    resolution: {integrity: sha512-WL71L+0Rwv+Gv/HTmxTEmpv0UgmxYa5ftZILVi2QmZBgX3q7+tDeOQNqGtdXSdsL8TQi1vIaVFHUPDe0O0kdig==}
    engines: {node: '>=12'}
    cpu: [arm64]
    os: [linux]
    requiresBuild: true
    dev: true
    optional: true

  /esbuild-linux-mips64le/0.14.54:
    resolution: {integrity: sha512-qTHGQB8D1etd0u1+sB6p0ikLKRVuCWhYQhAHRPkO+OF3I/iSlTKNNS0Lh2Oc0g0UFGguaFZZiPJdJey3AGpAlw==}
    engines: {node: '>=12'}
    cpu: [mips64el]
    os: [linux]
    requiresBuild: true
    dev: true
    optional: true

  /esbuild-linux-ppc64le/0.14.54:
    resolution: {integrity: sha512-j3OMlzHiqwZBDPRCDFKcx595XVfOfOnv68Ax3U4UKZ3MTYQB5Yz3X1mn5GnodEVYzhtZgxEBidLWeIs8FDSfrQ==}
    engines: {node: '>=12'}
    cpu: [ppc64]
    os: [linux]
    requiresBuild: true
    dev: true
    optional: true

  /esbuild-linux-riscv64/0.14.54:
    resolution: {integrity: sha512-y7Vt7Wl9dkOGZjxQZnDAqqn+XOqFD7IMWiewY5SPlNlzMX39ocPQlOaoxvT4FllA5viyV26/QzHtvTjVNOxHZg==}
    engines: {node: '>=12'}
    cpu: [riscv64]
    os: [linux]
    requiresBuild: true
    dev: true
    optional: true

  /esbuild-linux-s390x/0.14.54:
    resolution: {integrity: sha512-zaHpW9dziAsi7lRcyV4r8dhfG1qBidQWUXweUjnw+lliChJqQr+6XD71K41oEIC3Mx1KStovEmlzm+MkGZHnHA==}
    engines: {node: '>=12'}
    cpu: [s390x]
    os: [linux]
    requiresBuild: true
    dev: true
    optional: true

  /esbuild-netbsd-64/0.14.54:
    resolution: {integrity: sha512-PR01lmIMnfJTgeU9VJTDY9ZerDWVFIUzAtJuDHwwceppW7cQWjBBqP48NdeRtoP04/AtO9a7w3viI+PIDr6d+w==}
    engines: {node: '>=12'}
    cpu: [x64]
    os: [netbsd]
    requiresBuild: true
    dev: true
    optional: true

  /esbuild-openbsd-64/0.14.54:
    resolution: {integrity: sha512-Qyk7ikT2o7Wu76UsvvDS5q0amJvmRzDyVlL0qf5VLsLchjCa1+IAvd8kTBgUxD7VBUUVgItLkk609ZHUc1oCaw==}
    engines: {node: '>=12'}
    cpu: [x64]
    os: [openbsd]
    requiresBuild: true
    dev: true
    optional: true

  /esbuild-sunos-64/0.14.54:
    resolution: {integrity: sha512-28GZ24KmMSeKi5ueWzMcco6EBHStL3B6ubM7M51RmPwXQGLe0teBGJocmWhgwccA1GeFXqxzILIxXpHbl9Q/Kw==}
    engines: {node: '>=12'}
    cpu: [x64]
    os: [sunos]
    requiresBuild: true
    dev: true
    optional: true

  /esbuild-windows-32/0.14.54:
    resolution: {integrity: sha512-T+rdZW19ql9MjS7pixmZYVObd9G7kcaZo+sETqNH4RCkuuYSuv9AGHUVnPoP9hhuE1WM1ZimHz1CIBHBboLU7w==}
    engines: {node: '>=12'}
    cpu: [ia32]
    os: [win32]
    requiresBuild: true
    dev: true
    optional: true

  /esbuild-windows-64/0.14.54:
    resolution: {integrity: sha512-AoHTRBUuYwXtZhjXZbA1pGfTo8cJo3vZIcWGLiUcTNgHpJJMC1rVA44ZereBHMJtotyN71S8Qw0npiCIkW96cQ==}
    engines: {node: '>=12'}
    cpu: [x64]
    os: [win32]
    requiresBuild: true
    dev: true
    optional: true

  /esbuild-windows-arm64/0.14.54:
    resolution: {integrity: sha512-M0kuUvXhot1zOISQGXwWn6YtS+Y/1RT9WrVIOywZnJHo3jCDyewAc79aKNQWFCQm+xNHVTq9h8dZKvygoXQQRg==}
    engines: {node: '>=12'}
    cpu: [arm64]
    os: [win32]
    requiresBuild: true
    dev: true
    optional: true

  /esbuild/0.14.54:
    resolution: {integrity: sha512-Cy9llcy8DvET5uznocPyqL3BFRrFXSVqbgpMJ9Wz8oVjZlh/zUSNbPRbov0VX7VxN2JH1Oa0uNxZ7eLRb62pJA==}
    engines: {node: '>=12'}
    hasBin: true
    requiresBuild: true
    optionalDependencies:
      '@esbuild/linux-loong64': 0.14.54
      esbuild-android-64: 0.14.54
      esbuild-android-arm64: 0.14.54
      esbuild-darwin-64: 0.14.54
      esbuild-darwin-arm64: 0.14.54
      esbuild-freebsd-64: 0.14.54
      esbuild-freebsd-arm64: 0.14.54
      esbuild-linux-32: 0.14.54
      esbuild-linux-64: 0.14.54
      esbuild-linux-arm: 0.14.54
      esbuild-linux-arm64: 0.14.54
      esbuild-linux-mips64le: 0.14.54
      esbuild-linux-ppc64le: 0.14.54
      esbuild-linux-riscv64: 0.14.54
      esbuild-linux-s390x: 0.14.54
      esbuild-netbsd-64: 0.14.54
      esbuild-openbsd-64: 0.14.54
      esbuild-sunos-64: 0.14.54
      esbuild-windows-32: 0.14.54
      esbuild-windows-64: 0.14.54
      esbuild-windows-arm64: 0.14.54
    dev: true

  /estree-walker/2.0.2:
    resolution: {integrity: sha512-Rfkk/Mp/DL7JVje3u18FxFujQlTNR2q6QfMSMB7AvCBx91NGj/ba3kCfza0f6dVDbw7YlRf/nDrn7pQrCCyQ/w==}
    dev: true

  /execa/5.1.1:
    resolution: {integrity: sha512-8uSpZZocAZRBAPIEINJj3Lo9HyGitllczc27Eh5YYojjMFMn8yHMDMaUHE2Jqfq05D/wucwI4JGURyXt1vchyg==}
    engines: {node: '>=10'}
    dependencies:
      cross-spawn: 7.0.3
      get-stream: 6.0.1
      human-signals: 2.1.0
      is-stream: 2.0.1
      merge-stream: 2.0.0
      npm-run-path: 4.0.1
      onetime: 5.1.2
      signal-exit: 3.0.7
      strip-final-newline: 2.0.0
    dev: true

  /fill-range/7.0.1:
    resolution: {integrity: sha512-qOo9F+dMUmC2Lcb4BbVvnKJxTPjCm+RRpe4gDuGrzkL7mEVl/djYSu2OdQ2Pa302N4oqkSg9ir6jaLWJ2USVpQ==}
    engines: {node: '>=8'}
    dependencies:
      to-regex-range: 5.0.1
    dev: true

  /fs-extra/10.1.0:
    resolution: {integrity: sha512-oRXApq54ETRj4eMiFzGnHWGy+zo5raudjuxN0b8H7s/RU2oW0Wvsx9O0ACRN/kRq9E8Vu/ReskGB5o3ji+FzHQ==}
    engines: {node: '>=12'}
    dependencies:
      graceful-fs: 4.2.11
      jsonfile: 6.1.0
      universalify: 2.0.1
    dev: true

  /fsevents/2.3.3:
    resolution: {integrity: sha512-5xoDfX+fL7faATnagmWPpbFtwh/R77WmMMqqHGS65C3vvB0YHrgF+B1YmZ3441tMj5n63k0212XNoJwzlhffQw==}
    engines: {node: ^8.16.0 || ^10.6.0 || >=11.0.0}
    os: [darwin]
    requiresBuild: true
    dev: true
    optional: true

  /function-bind/1.1.2:
    resolution: {integrity: sha512-7XHNxH7qX9xG5mIwxkhumTox/MIRNcOgDrxWsMt2pAr23WHp6MrRlN7FBSFpCpr+oVO0F744iUgR82nJMfG2SA==}
    dev: true

  /get-stream/6.0.1:
    resolution: {integrity: sha512-ts6Wi+2j3jQjqi70w5AlN8DFnkSwC+MqmxEzdEALB2qXZYV3X/b1CTfgPLGJNMeAWxdPfU8FO1ms3NUfaHCPYg==}
    engines: {node: '>=10'}
    dev: true

  /glob-parent/5.1.2:
    resolution: {integrity: sha512-AOIgSQCepiJYwP3ARnGx+5VnTu2HBYdzbGP45eLw1vr3zB3vZLeyed1sC9hnbcOc9/SrMyM5RPQrkGz4aS9Zow==}
    engines: {node: '>= 6'}
    dependencies:
      is-glob: 4.0.3
    dev: true

  /graceful-fs/4.2.11:
    resolution: {integrity: sha512-RbJ5/jmFcNNCcDV5o9eTnBLJ/HszWV0P73bc+Ff4nS/rJj+YaS6IGyiOL0VoBYX+l1Wrl3k63h/KrH+nhJ0XvQ==}
    dev: true

  /has-flag/4.0.0:
    resolution: {integrity: sha512-EykJT/Q1KjTWctppgIAgfSO0tKVuZUjhgMr17kqTumMl6Afv3EISleU7qZUzoXDFTAHTDC4NOoG/ZxU3EvlMPQ==}
    engines: {node: '>=8'}
    dev: true

  /hasown/2.0.2:
    resolution: {integrity: sha512-0hJU9SCPvmMzIBdZFqNPXWa6dqh7WdH0cII9y+CyS8rG3nL48Bclra9HmKhVVUHyPWNH5Y7xDwAB7bfgSjkUMQ==}
    engines: {node: '>= 0.4'}
    dependencies:
      function-bind: 1.1.2
    dev: true

  /human-signals/2.1.0:
    resolution: {integrity: sha512-B4FFZ6q/T2jhhksgkbEW3HBvWIfDW85snkQgawt07S7J5QXTk6BkNV+0yAeZrM5QpMAdYlocGoljn0sJ/WQkFw==}
    engines: {node: '>=10.17.0'}
    dev: true

  /iconv-lite/0.6.3:
    resolution: {integrity: sha512-4fCk79wshMdzMp2rH06qWrJE4iolqLhCUH+OiuIgU++RB0+94NlDL81atO7GX55uUKueo0txHNtvEyI6D7WdMw==}
    engines: {node: '>=0.10.0'}
    dependencies:
      safer-buffer: 2.1.2
    dev: true
    optional: true

  /image-size/0.5.5:
    resolution: {integrity: sha512-6TDAlDPZxUFCv+fuOkIoXT/V/f3Qbq8e37p+YOiYrUv3v9cc3/6x78VdfPgFVaB9dZYeLUfKgHRebpkm/oP2VQ==}
    engines: {node: '>=0.10.0'}
    hasBin: true
    requiresBuild: true
    dev: true
    optional: true

  /is-binary-path/2.1.0:
    resolution: {integrity: sha512-ZMERYes6pDydyuGidse7OsHxtbI7WVeUEozgR/g7rd0xUimYNlvZRE/K2MgZTjWy725IfelLeVcEM97mmtRGXw==}
    engines: {node: '>=8'}
    dependencies:
      binary-extensions: 2.3.0
    dev: true

  /is-core-module/2.13.1:
    resolution: {integrity: sha512-hHrIjvZsftOsvKSn2TRYl63zvxsgE0K+0mYMoH6gD4omR5IWB2KynivBQczo3+wF1cCkjzvptnI9Q0sPU66ilw==}
    dependencies:
      hasown: 2.0.2
    dev: true

  /is-extglob/2.1.1:
    resolution: {integrity: sha512-SbKbANkN603Vi4jEZv49LeVJMn4yGwsbzZworEoyEiutsN3nJYdbO36zfhGJ6QEDpOZIFkDtnq5JRxmvl3jsoQ==}
    engines: {node: '>=0.10.0'}
    dev: true

  /is-glob/4.0.3:
    resolution: {integrity: sha512-xelSayHH36ZgE7ZWhli7pW34hNbNl8Ojv5KVmkJD4hBdD3th8Tfk9vYasLM+mXWOZhFkgZfxhLSnrwRr4elSSg==}
    engines: {node: '>=0.10.0'}
    dependencies:
      is-extglob: 2.1.1
    dev: true

  /is-number/7.0.0:
    resolution: {integrity: sha512-41Cifkg6e8TylSpdtTpeLVMqvSBEVzTttHvERD741+pnZ8ANv0004MRL43QKPDlK9cGvNp6NZWZUBlbGXYxxng==}
    engines: {node: '>=0.12.0'}
    dev: true

  /is-stream/2.0.1:
    resolution: {integrity: sha512-hFoiJiTl63nn+kstHGBtewWSKnQLpyb155KHheA1l39uvtO9nWIop1p3udqPcUd/xbF1VLMO4n7OI6p7RbngDg==}
    engines: {node: '>=8'}
    dev: true

  /is-what/3.14.1:
    resolution: {integrity: sha512-sNxgpk9793nzSs7bA6JQJGeIuRBQhAaNGG77kzYQgMkrID+lS6SlK07K5LaptscDlSaIgH+GPFzf+d75FVxozA==}
    dev: true

  /isexe/2.0.0:
    resolution: {integrity: sha512-RHxMLp9lnKHGHRng9QFhRCMbYAcVpn69smSGcq3f36xjgVVWThj4qqLbTLlq7Ssj8B+fIQ1EuCEGI2lKsyQeIw==}
    dev: true

  /jsonc-parser/3.2.1:
    resolution: {integrity: sha512-AilxAyFOAcK5wA1+LeaySVBrHsGQvUFCDWXKpZjzaL0PqW+xfBOttn8GNtWKFWqneyMZj41MWF9Kl6iPWLwgOA==}
    dev: true

  /jsonfile/6.1.0:
    resolution: {integrity: sha512-5dgndWOriYSm5cnYaJNhalLNDKOqFwyDB/rr1E9ZsGciGvKPs8R2xYGCacuf3z6K1YKDz182fd+fY3cn3pMqXQ==}
    dependencies:
      universalify: 2.0.1
    optionalDependencies:
      graceful-fs: 4.2.11
    dev: true

  /less/4.2.0:
    resolution: {integrity: sha512-P3b3HJDBtSzsXUl0im2L7gTO5Ubg8mEN6G8qoTS77iXxXX4Hvu4Qj540PZDvQ8V6DmX6iXo98k7Md0Cm1PrLaA==}
    engines: {node: '>=6'}
    hasBin: true
    dependencies:
      copy-anything: 2.0.6
      parse-node-version: 1.0.1
      tslib: 2.6.2
    optionalDependencies:
      errno: 0.1.8
      graceful-fs: 4.2.11
      image-size: 0.5.5
      make-dir: 2.1.0
      mime: 1.6.0
      needle: 3.3.1
      source-map: 0.6.1
    dev: true

  /local-pkg/0.5.0:
    resolution: {integrity: sha512-ok6z3qlYyCDS4ZEU27HaU6x/xZa9Whf8jD4ptH5UZTQYZVYeb9bnZ3ojVhiJNLiXK1Hfc0GNbLXcmZ5plLDDBg==}
    engines: {node: '>=14'}
    dependencies:
      mlly: 1.6.1
      pkg-types: 1.0.3
    dev: true

  /lodash-es/4.17.21:
    resolution: {integrity: sha512-mKnC+QJ9pWVzv+C4/U3rRsHapFfHvQFoFB92e52xeyGMcX6/OlIl78je1u8vePzYZSkkogMPJ2yjxxsb89cxyw==}
    dev: false

  /magic-string-ast/0.3.0:
    resolution: {integrity: sha512-0shqecEPgdFpnI3AP90epXyxZy9g6CRZ+SZ7BcqFwYmtFEnZ1jpevcV5HoyVnlDS9gCnc1UIg3Rsvp3Ci7r8OA==}
    engines: {node: '>=16.14.0'}
    dependencies:
      magic-string: 0.30.8
    dev: true

  /magic-string/0.30.8:
    resolution: {integrity: sha512-ISQTe55T2ao7XtlAStud6qwYPZjE4GK1S/BeVPus4jrq6JuOnQ00YKQC581RWhR122W7msZV263KzVeLoqidyQ==}
    engines: {node: '>=12'}
    dependencies:
      '@jridgewell/sourcemap-codec': 1.4.15
    dev: true

  /make-dir/2.1.0:
    resolution: {integrity: sha512-LS9X+dc8KLxXCb8dni79fLIIUA5VyZoyjSMCwTluaXA0o27cCK0bhXkpgw+sTXVpPy/lSO57ilRixqk0vDmtRA==}
    engines: {node: '>=6'}
    requiresBuild: true
    dependencies:
      pify: 4.0.1
      semver: 5.7.2
    dev: true
    optional: true

  /merge-stream/2.0.0:
    resolution: {integrity: sha512-abv/qOcuPfk3URPfDzmZU1LKmuw8kT+0nIHvKrKgFrwifol/doWcdA4ZqsWQ8ENrFKkd67Mfpo/LovbIUsbt3w==}
    dev: true

  /mime/1.6.0:
    resolution: {integrity: sha512-x0Vn8spI+wuJ1O6S7gnbaQg8Pxh4NNHb7KSINmEWKiPE4RKOplvijn+NkmYmmRgP68mc70j2EbeTFRsrswaQeg==}
    engines: {node: '>=4'}
    hasBin: true
    requiresBuild: true
    dev: true
    optional: true

  /mimic-fn/2.1.0:
    resolution: {integrity: sha512-OqbOk5oEQeAZ8WXWydlu9HJjz9WVdEIvamMCcXmuqUYjTknH/sqsWvhQ3vgwKFRR1HpjvNBKQ37nbJgYzGqGcg==}
    engines: {node: '>=6'}
    dev: true

  /mlly/1.6.1:
    resolution: {integrity: sha512-vLgaHvaeunuOXHSmEbZ9izxPx3USsk8KCQ8iC+aTlp5sKRSoZvwhHh5L9VbKSaVC6sJDqbyohIS76E2VmHIPAA==}
    dependencies:
      acorn: 8.11.3
      pathe: 1.1.2
      pkg-types: 1.0.3
      ufo: 1.5.3
    dev: true

  /mrmime/2.0.0:
    resolution: {integrity: sha512-eu38+hdgojoyq63s+yTpN4XMBdt5l8HhMhc4VKLO9KM5caLIBvUm4thi7fFaxyTmCKeNnXZ5pAlBwCUnhA09uw==}
    engines: {node: '>=10'}
    dev: true

  /nanoid/3.3.7:
    resolution: {integrity: sha512-eSRppjcPIatRIMC1U6UngP8XFcz8MQWGQdt1MTBQ7NaAmvXDfvNxbvWV3x2y6CdEUciCSsDHDQZbhYaB8QEo2g==}
    engines: {node: ^10 || ^12 || ^13.7 || ^14 || >=15.0.1}
    hasBin: true
    dev: true

  /needle/3.3.1:
    resolution: {integrity: sha512-6k0YULvhpw+RoLNiQCRKOl09Rv1dPLr8hHnVjHqdolKwDrdNyk+Hmrthi4lIGPPz3r39dLx0hsF5s40sZ3Us4Q==}
    engines: {node: '>= 4.4.x'}
    hasBin: true
    requiresBuild: true
    dependencies:
      iconv-lite: 0.6.3
      sax: 1.3.0
    dev: true
    optional: true

  /normalize-path/3.0.0:
    resolution: {integrity: sha512-6eZs5Ls3WtCisHWp9S2GUy8dqkpGi4BVSz3GaqiE6ezub0512ESztXUwUB6C6IKbQkY2Pnb/mD4WYojCRwcwLA==}
    engines: {node: '>=0.10.0'}
    dev: true

  /npm-run-path/4.0.1:
    resolution: {integrity: sha512-S48WzZW777zhNIrn7gxOlISNAqi9ZC/uQFnRdbeIHhZhCA6UqpkOT8T1G7BvfdgP4Er8gF4sUbaS0i7QvIfCWw==}
    engines: {node: '>=8'}
    dependencies:
      path-key: 3.1.1
    dev: true

  /onetime/5.1.2:
    resolution: {integrity: sha512-kbpaSSGJTWdAY5KPVeMOKXSrPtr8C8C7wodJbcsd51jRnmD+GZu8Y0VoU6Dm5Z4vWr0Ig/1NKuWRKf7j5aaYSg==}
    engines: {node: '>=6'}
    dependencies:
      mimic-fn: 2.1.0
    dev: true

  /parse-node-version/1.0.1:
    resolution: {integrity: sha512-3YHlOa/JgH6Mnpr05jP9eDG254US9ek25LyIxZlDItp2iJtwyaXQb57lBYLdT3MowkUFYEV2XXNAYIPlESvJlA==}
    engines: {node: '>= 0.10'}
    dev: true

  /path-key/3.1.1:
    resolution: {integrity: sha512-ojmeN0qd+y0jszEtoY48r0Peq5dwMEkIlCOu6Q5f41lfkswXuKtYrhgoTpLnyIcHm24Uhqx+5Tqm2InSwLhE6Q==}
    engines: {node: '>=8'}
    dev: true

  /path-parse/1.0.7:
    resolution: {integrity: sha512-LDJzPVEEEPR+y48z93A0Ed0yXb8pAByGWo/k5YYdYgpY2/2EsOsksJrq7lOHxryrVOn1ejG6oAp8ahvOIQD8sw==}
    dev: true

  /pathe/1.1.2:
    resolution: {integrity: sha512-whLdWMYL2TwI08hn8/ZqAbrVemu0LNaNNJZX73O6qaIdCTfXutsLhMkjdENX0qhsQ9uIimo4/aQOmXkoon2nDQ==}
    dev: true

  /picocolors/1.0.0:
    resolution: {integrity: sha512-1fygroTLlHu66zi26VoTDv8yRgm0Fccecssto+MhsZ0D/DGW2sm8E8AjW7NU5VVTRt5GxbeZ5qBuJr+HyLYkjQ==}
    dev: true

  /picomatch/2.3.1:
    resolution: {integrity: sha512-JU3teHTNjmE2VCGFzuY8EXzCDVwEqB2a8fsIvwaStHhAWJEeVd1o1QD80CU6+ZdEXXSLbSsuLwJjkCBWqRQUVA==}
    engines: {node: '>=8.6'}
    dev: true

  /pify/4.0.1:
    resolution: {integrity: sha512-uB80kBFb/tfd68bVleG9T5GGsGPjJrLAUpR5PZIrhBnIaRTQRjqdJSsIKkOP6OAIFbj7GOrcudc5pNjZ+geV2g==}
    engines: {node: '>=6'}
    dev: true
    optional: true

  /pkg-types/1.0.3:
    resolution: {integrity: sha512-nN7pYi0AQqJnoLPC9eHFQ8AcyaixBUOwvqc5TDnIKCMEE6I0y8P7OKA7fPexsXGCGxQDl/cmrLAp26LhcwxZ4A==}
    dependencies:
      jsonc-parser: 3.2.1
      mlly: 1.6.1
      pathe: 1.1.2
    dev: true

  /postcss/8.4.38:
    resolution: {integrity: sha512-Wglpdk03BSfXkHoQa3b/oulrotAkwrlLDRSOb9D0bN86FdRyE9lppSp33aHNPgBa0JKCoB+drFLZkQoRRYae5A==}
    engines: {node: ^10 || ^12 || >=14}
    dependencies:
      nanoid: 3.3.7
      picocolors: 1.0.0
      source-map-js: 1.2.0
    dev: true

  /prr/1.0.1:
    resolution: {integrity: sha512-yPw4Sng1gWghHQWj0B3ZggWUm4qVbPwPFcRG8KyxiU7J2OHFSoEHKS+EZ3fv5l1t9CyCiop6l/ZYeWbrgoQejw==}
    dev: true
    optional: true

  /readdirp/3.6.0:
    resolution: {integrity: sha512-hOS089on8RduqdbhvQ5Z37A0ESjsqz6qnRcffsMU3495FuTdqSm+7bhJ29JvIOsBDEEnan5DPu9t3To9VRlMzA==}
    engines: {node: '>=8.10.0'}
    dependencies:
      picomatch: 2.3.1
    dev: true

  /resolve.exports/2.0.2:
    resolution: {integrity: sha512-X2UW6Nw3n/aMgDVy+0rSqgHlv39WZAlZrXCdnbyEiKm17DSqHX4MmQMaST3FbeWR5FTuRcUwYAziZajji0Y7mg==}
    engines: {node: '>=10'}
    dev: true

  /resolve/1.22.8:
    resolution: {integrity: sha512-oKWePCxqpd6FlLvGV1VU0x7bkPmmCNolxzjMf4NczoDnQcIWrAF+cPtZn5i6n+RfD2d9i0tzpKnG6Yk168yIyw==}
    hasBin: true
    dependencies:
      is-core-module: 2.13.1
      path-parse: 1.0.7
      supports-preserve-symlinks-flag: 1.0.0
    dev: true

  /rollup/2.77.3:
    resolution: {integrity: sha512-/qxNTG7FbmefJWoeeYJFbHehJ2HNWnjkAFRKzWN/45eNBBF/r8lo992CwcJXEzyVxs5FmfId+vTSTQDb+bxA+g==}
    engines: {node: '>=10.0.0'}
    hasBin: true
    optionalDependencies:
      fsevents: 2.3.3
    dev: true

  /safer-buffer/2.1.2:
    resolution: {integrity: sha512-YZo3K82SD7Riyi0E1EQPojLz7kpepnSQI9IyPbHHg1XXXevb5dJI7tpyN2ADxGcQbHG7vcyRHk0cbwqcQriUtg==}
    dev: true
    optional: true

  /sax/1.3.0:
    resolution: {integrity: sha512-0s+oAmw9zLl1V1cS9BtZN7JAd0cW5e0QH4W3LWEK6a4LaLEA2OTpGYWDY+6XasBLtz6wkm3u1xRw95mRuJ59WA==}
    dev: true
    optional: true

  /semver/5.7.2:
    resolution: {integrity: sha512-cBznnQ9KjJqU67B52RMC65CMarK2600WFnbkcaiwWq3xy/5haFJlshgnpjovMVJ+Hff49d8GEn0b87C5pDQ10g==}
    hasBin: true
    dev: true
    optional: true

  /shebang-command/2.0.0:
    resolution: {integrity: sha512-kHxr2zZpYtdmrN1qDjrrX/Z1rR1kG8Dx+gkpK1G4eXmvXswmcE1hTWBWYUzlraYw1/yZp6YuDY77YtvbN0dmDA==}
    engines: {node: '>=8'}
    dependencies:
      shebang-regex: 3.0.0
    dev: true

  /shebang-regex/3.0.0:
    resolution: {integrity: sha512-7++dFhtcx3353uBaq8DDR4NuxBetBzC7ZQOhmTQInHEd6bSrXdiEyzCvG07Z44UYdLShWUyXt5M/yhz8ekcb1A==}
    engines: {node: '>=8'}
    dev: true

  /signal-exit/3.0.7:
    resolution: {integrity: sha512-wnD2ZE+l+SPC/uoS0vXeE9L1+0wuaMqKlfz9AMUo38JsyLSBWSFcHR1Rri62LZc12vLr1gb3jl7iwQhgwpAbGQ==}
    dev: true

  /sirv/2.0.4:
    resolution: {integrity: sha512-94Bdh3cC2PKrbgSOUqTiGPWVZeSiXfKOVZNJniWoqrWrRkB1CJzBU3NEbiTsPcYy1lDsANA/THzS+9WBiy5nfQ==}
    engines: {node: '>= 10'}
    dependencies:
      '@polka/url': 1.0.0-next.25
      mrmime: 2.0.0
      totalist: 3.0.1
    dev: true

  /source-map-js/1.2.0:
    resolution: {integrity: sha512-itJW8lvSA0TXEphiRoawsCksnlf8SyvmFzIhltqAHluXd88pkCd+cXJVHTDwdCr0IzwptSm035IHQktUu1QUMg==}
    engines: {node: '>=0.10.0'}
    dev: true

  /source-map/0.6.1:
    resolution: {integrity: sha512-UjgapumWlbMhkBgzT7Ykc5YXUT46F0iKu8SGXq0bcwP5dz/h0Plj6enJqjz1Zbq2l5WaqYnrVbwWOWMyF3F47g==}
    engines: {node: '>=0.10.0'}
    requiresBuild: true
    dev: true
    optional: true

  /strip-final-newline/2.0.0:
    resolution: {integrity: sha512-BrpvfNAE3dcvq7ll3xVumzjKjZQ5tI1sEUIKr3Uoks0XUl45St3FlatVqef9prk4jRDzhW6WZg+3bk93y6pLjA==}
    engines: {node: '>=6'}
    dev: true

  /supports-color/7.2.0:
    resolution: {integrity: sha512-qpCAvRl9stuOHveKsn7HncJRvv501qIacKzQlO/+Lwxc9+0q2wLyv4Dfvt80/DPn2pqOBsJdDiogXGR9+OvwRw==}
    engines: {node: '>=8'}
    dependencies:
      has-flag: 4.0.0
    dev: true

  /supports-preserve-symlinks-flag/1.0.0:
    resolution: {integrity: sha512-ot0WnXS9fgdkgIcePe6RHNk1WA8+muPa6cSjeR3V8K27q9BB1rTE3R1p7Hv0z1ZyAc8s6Vvv8DIyWf681MAt0w==}
    engines: {node: '>= 0.4'}
    dev: true

  /to-fast-properties/2.0.0:
    resolution: {integrity: sha512-/OaKK0xYrs3DmxRYqL/yDc+FxFUVYhDlXMhRmv3z915w2HF1tnN1omB354j8VUGO/hbRzyD6Y3sA7v7GS/ceog==}
    engines: {node: '>=4'}
    dev: true

  /to-regex-range/5.0.1:
    resolution: {integrity: sha512-65P7iz6X5yEr1cwcgvQxbbIw7Uk3gOy5dIdtZ4rDveLqhrdJP+Li/Hx6tyK0NEb+2GCyneCMJiGqrADCSNk8sQ==}
    engines: {node: '>=8.0'}
    dependencies:
      is-number: 7.0.0
    dev: true

  /totalist/3.0.1:
    resolution: {integrity: sha512-sf4i37nQ2LBx4m3wB74y+ubopq6W/dIzXg0FDGjsYnZHVa1Da8FH853wlL2gtUhg+xJXjfk3kUZS3BRoQeoQBQ==}
    engines: {node: '>=6'}
    dev: true

  /tslib/2.6.2:
    resolution: {integrity: sha512-AEYxH93jGFPn/a2iVAwW87VuUIkR1FVUKB77NwMF7nBTDkDrrT/Hpt/IrCJ0QXhW27jTBDcf5ZY7w6RiqTMw2Q==}
    dev: true

  /typescript/5.4.3:
    resolution: {integrity: sha512-KrPd3PKaCLr78MalgiwJnA25Nm8HAmdwN3mYUYZgG/wizIo9EainNVQI9/yDavtVFRN2h3k8uf3GLHuhDMgEHg==}
    engines: {node: '>=14.17'}
    hasBin: true
    dev: true

  /ufo/1.5.3:
    resolution: {integrity: sha512-Y7HYmWaFwPUmkoQCUIAYpKqkOf+SbVj/2fJJZ4RJMCfZp0rTGwRbzQD+HghfnhKOjL9E01okqz+ncJskGYfBNw==}
    dev: true

  /undici-types/5.26.5:
    resolution: {integrity: sha512-JlCMO+ehdEIKqlFxk6IfVoAUVmgz7cU7zD/h9XZ0qzeosSHmUJVOzSQvvYSYWXkFXC+IfLKSIffhv0sVZup6pA==}
    dev: true

  /universalify/2.0.1:
    resolution: {integrity: sha512-gptHNQghINnc/vTGIk0SOFGFNXw7JVrlRUtConJRlvaw6DuX0wO5Jeko9sWrMBhh+PsYAZ7oXAiOnf/UKogyiw==}
    engines: {node: '>= 10.0.0'}
    dev: true

  /unplugin-combine/0.9.0_vite@2.9.18:
    resolution: {integrity: sha512-1bXgHXIhw/bNEFCwNnYRlOOcamsBNQObSWBuy3FcDcnMoFLIi4ZaMsi/L0cNxltfYBTS+QvGSZ1F+LgQ0vbcLg==}
    engines: {node: '>=16.14.0'}
    peerDependencies:
      esbuild: '>=0.13'
      rollup: ^3.2.0 || ^4.0.0
      vite: ^2.3.0 || ^3.0.0 || ^4.0.0 || ^5.0.0
      webpack: 4 || 5
    peerDependenciesMeta:
      esbuild:
        optional: true
      rollup:
        optional: true
      vite:
        optional: true
      webpack:
        optional: true
    dependencies:
      '@antfu/utils': 0.7.7
      unplugin: 1.10.0
      vite: 2.9.18_less@4.2.0
    dev: true

  /unplugin-vue-define-options/1.4.2:
    resolution: {integrity: sha512-jQ3nJ1olC107QUA67UEB1CWJXnbVA7SF4UibKQF+jvME7UZ/XomctISHtAkJSJ9YHn0eqnqqzyNkng/KnLUZBw==}
    engines: {node: '>=16.14.0'}
    dependencies:
      '@vue-macros/common': 1.10.1
      ast-walker-scope: 0.5.0
      unplugin: 1.10.0
    transitivePeerDependencies:
      - rollup
      - vue
    dev: true

  /unplugin-vue-macros/2.8.0_rmjh7zhmgy6laxtrro2ypaq2hm:
    resolution: {integrity: sha512-FtqQ2s2TYHt6AvFFgIn5LKv4PoHJhe0se9XT4S5wG5RLA9MKOlaq8tvNt8gYQ9+dsIP8e4fULI1/N2ZC/cGe4A==}
    engines: {node: '>=16.14.0'}
    peerDependencies:
      vue: ^2.7.0 || ^3.2.25
    dependencies:
      '@vue-macros/better-define': 1.7.3
      '@vue-macros/boolean-prop': 0.3.2
      '@vue-macros/chain-call': 0.2.2
      '@vue-macros/common': 1.10.1
      '@vue-macros/define-emit': 0.2.3
      '@vue-macros/define-models': 1.2.2
      '@vue-macros/define-prop': 0.3.3
      '@vue-macros/define-props': 2.0.3_lz22p4fngfohrmrkvak4ekjs6u
      '@vue-macros/define-props-refs': 1.2.2
      '@vue-macros/define-render': 1.5.2
      '@vue-macros/define-slots': 1.1.2
      '@vue-macros/devtools': 0.2.0_rmjh7zhmgy6laxtrro2ypaq2hm
      '@vue-macros/export-expose': 0.1.2
      '@vue-macros/export-props': 0.4.2
      '@vue-macros/export-render': 0.2.2
      '@vue-macros/hoist-static': 1.5.2
      '@vue-macros/jsx-directive': 0.8.11
      '@vue-macros/named-template': 0.4.2
      '@vue-macros/reactivity-transform': 0.4.3
      '@vue-macros/setup-block': 0.3.2
      '@vue-macros/setup-component': 0.17.2
      '@vue-macros/setup-sfc': 0.17.2
      '@vue-macros/short-bind': 0.2.2
      '@vue-macros/short-emits': 1.5.2
      '@vue-macros/short-vmodel': 1.4.2
      unplugin: 1.10.0
      unplugin-combine: 0.9.0_vite@2.9.18
      unplugin-vue-define-options: 1.4.2
    transitivePeerDependencies:
      - '@vueuse/core'
      - esbuild
      - rollup
      - typescript
      - vite
      - webpack
    dev: true

  /unplugin/1.10.0:
    resolution: {integrity: sha512-CuZtvvO8ua2Wl+9q2jEaqH6m3DoQ38N7pvBYQbbaeNlWGvK2l6GHiKi29aIHDPoSxdUzQ7Unevf1/ugil5X6Pg==}
    engines: {node: '>=14.0.0'}
    dependencies:
      acorn: 8.11.3
      chokidar: 3.6.0
      webpack-sources: 3.2.3
      webpack-virtual-modules: 0.6.1
    dev: true

  /vite/2.9.18_less@4.2.0:
    resolution: {integrity: sha512-sAOqI5wNM9QvSEE70W3UGMdT8cyEn0+PmJMTFvTB8wB0YbYUWw3gUbY62AOyrXosGieF2htmeLATvNxpv/zNyQ==}
    engines: {node: '>=12.2.0'}
    hasBin: true
    peerDependencies:
      less: '*'
      sass: '*'
      stylus: '*'
    peerDependenciesMeta:
      less:
        optional: true
      sass:
        optional: true
      stylus:
        optional: true
    dependencies:
      esbuild: 0.14.54
      less: 4.2.0
      postcss: 8.4.38
      resolve: 1.22.8
      rollup: 2.77.3
    optionalDependencies:
      fsevents: 2.3.3
    dev: true

  /vue/3.4.21_typescript@5.4.3:
    resolution: {integrity: sha512-5hjyV/jLEIKD/jYl4cavMcnzKwjMKohureP8ejn3hhEjwhWIhWeuzL2kJAjzl/WyVsgPY56Sy4Z40C3lVshxXA==}
    peerDependencies:
      typescript: '*'
    peerDependenciesMeta:
      typescript:
        optional: true
    dependencies:
      '@vue/compiler-dom': 3.4.21
      '@vue/compiler-sfc': 3.4.21
      '@vue/runtime-dom': 3.4.21
      '@vue/server-renderer': 3.4.21_vue@3.4.21
      '@vue/shared': 3.4.21
      typescript: 5.4.3
    dev: true

  /webpack-sources/3.2.3:
    resolution: {integrity: sha512-/DyMEOrDgLKKIG0fmvtz+4dUX/3Ghozwgm6iPp8KRhvn+eQf9+Q7GWxVNMk3+uCPWfdXYC4ExGBckIXdFEfH1w==}
    engines: {node: '>=10.13.0'}
    dev: true

  /webpack-virtual-modules/0.6.1:
    resolution: {integrity: sha512-poXpCylU7ExuvZK8z+On3kX+S8o/2dQ/SVYueKA0D4WEMXROXgY8Ez50/bQEUmvoSMMrWcrJqCHuhAbsiwg7Dg==}
    dev: true

  /which/2.0.2:
    resolution: {integrity: sha512-BLI3Tl1TW3Pvl70l3yq3Y64i+awpwXqsGBYWkkqMtnbXgrMD+yj7rhW0kuEDxzJaYXGjEW5ogapKNMEKNMjibA==}
    engines: {node: '>= 8'}
    hasBin: true
    dependencies:
      isexe: 2.0.0
    dev: true
